# This file is automatically @generated by Cargo.
# It is not intended for manual editing.
version = 3

[[package]]
name = "adler"
version = "1.0.2"
source = "registry+https://github.com/rust-lang/crates.io-index"
checksum = "f26201604c87b1e01bd3d98f8d5d9a8fcbb815e8cedb41ffccbeb4bf593a35fe"

[[package]]
name = "adler32"
version = "1.2.0"
source = "registry+https://github.com/rust-lang/crates.io-index"
checksum = "aae1277d39aeec15cb388266ecc24b11c80469deae6067e17a1a7aa9e5c1f234"

[[package]]
name = "aead"
version = "0.4.3"
source = "registry+https://github.com/rust-lang/crates.io-index"
checksum = "0b613b8e1e3cf911a086f53f03bf286f52fd7a7258e4fa606f0ef220d39d8877"
dependencies = [
 "generic-array",
]

[[package]]
name = "aho-corasick"
version = "0.7.18"
source = "registry+https://github.com/rust-lang/crates.io-index"
checksum = "1e37cfd5e7657ada45f742d6e99ca5788580b5c529dc78faf11ece6dc702656f"
dependencies = [
 "memchr",
]

[[package]]
name = "anyhow"
version = "1.0.57"
source = "registry+https://github.com/rust-lang/crates.io-index"
checksum = "08f9b8508dccb7687a1d6c4ce66b2b0ecef467c94667de27d8d7fe1f8d2a9cdc"

[[package]]
name = "arrayref"
version = "0.3.6"
source = "registry+https://github.com/rust-lang/crates.io-index"
checksum = "a4c527152e37cf757a3f78aae5a06fbeefdb07ccc535c980a3208ee3060dd544"

[[package]]
name = "arrayvec"
version = "0.5.2"
source = "registry+https://github.com/rust-lang/crates.io-index"
checksum = "23b62fc65de8e4e7f52534fb52b0f3ed04746ae267519eef2a83941e8085068b"

[[package]]
name = "arrayvec"
version = "0.7.2"
source = "registry+https://github.com/rust-lang/crates.io-index"
checksum = "8da52d66c7071e2e3fa2a1e5c6d088fec47b593032b254f5e980de8ea54454d6"

[[package]]
name = "atty"
version = "0.2.14"
source = "registry+https://github.com/rust-lang/crates.io-index"
checksum = "d9b39be18770d11421cdb1b9947a45dd3f37e93092cbf377614828a319d5fee8"
dependencies = [
 "hermit-abi",
 "libc",
 "winapi",
]

[[package]]
name = "autocfg"
version = "1.1.0"
source = "registry+https://github.com/rust-lang/crates.io-index"
checksum = "d468802bab17cbc0cc575e9b053f41e72aa36bfa6b7f55e3529ffa43161b97fa"

[[package]]
name = "base-x"
version = "0.2.10"
source = "registry+https://github.com/rust-lang/crates.io-index"
checksum = "dc19a4937b4fbd3fe3379793130e42060d10627a360f2127802b10b87e7baf74"

[[package]]
name = "base64"
version = "0.13.0"
source = "registry+https://github.com/rust-lang/crates.io-index"
checksum = "904dfeac50f3cdaba28fc6f57fdcddb75f49ed61346676a78c4ffe55877802fd"

[[package]]
name = "bitflags"
version = "1.3.2"
source = "registry+https://github.com/rust-lang/crates.io-index"
checksum = "bef38d45163c2f1dde094a7dfd33ccf595c92905c8f8f4fdc18d06fb1037718a"

[[package]]
name = "blake2b_simd"
version = "0.5.11"
source = "registry+https://github.com/rust-lang/crates.io-index"
checksum = "afa748e348ad3be8263be728124b24a24f268266f6f5d58af9d75f6a40b5c587"
dependencies = [
 "arrayref",
 "arrayvec 0.5.2",
 "constant_time_eq",
]

[[package]]
name = "blake2s_simd"
version = "0.5.11"
source = "registry+https://github.com/rust-lang/crates.io-index"
checksum = "9e461a7034e85b211a4acb57ee2e6730b32912b06c08cc242243c39fc21ae6a2"
dependencies = [
 "arrayref",
 "arrayvec 0.5.2",
 "constant_time_eq",
]

[[package]]
name = "blake3"
version = "1.3.1"
source = "registry+https://github.com/rust-lang/crates.io-index"
checksum = "a08e53fc5a564bb15bfe6fae56bd71522205f1f91893f9c0116edad6496c183f"
dependencies = [
 "arrayref",
 "arrayvec 0.7.2",
 "cc",
 "cfg-if",
 "constant_time_eq",
]

[[package]]
name = "block-buffer"
version = "0.9.0"
source = "registry+https://github.com/rust-lang/crates.io-index"
checksum = "4152116fd6e9dadb291ae18fc1ec3575ed6d84c29642d97890f4b4a3417297e4"
dependencies = [
 "block-padding",
 "generic-array",
]

[[package]]
name = "block-buffer"
version = "0.10.2"
source = "registry+https://github.com/rust-lang/crates.io-index"
checksum = "0bf7fe51849ea569fd452f37822f606a5cabb684dc918707a0193fd4664ff324"
dependencies = [
 "generic-array",
]

[[package]]
name = "block-padding"
version = "0.2.1"
source = "registry+https://github.com/rust-lang/crates.io-index"
checksum = "8d696c370c750c948ada61c69a0ee2cbbb9c50b1019ddb86d9317157a99c2cae"

[[package]]
name = "bumpalo"
version = "3.10.0"
source = "registry+https://github.com/rust-lang/crates.io-index"
checksum = "37ccbd214614c6783386c1af30caf03192f17891059cecc394b4fb119e363de3"

[[package]]
name = "bytemuck"
version = "1.9.1"
source = "registry+https://github.com/rust-lang/crates.io-index"
checksum = "cdead85bdec19c194affaeeb670c0e41fe23de31459efd1c174d049269cf02cc"

[[package]]
name = "byteorder"
version = "1.4.3"
source = "registry+https://github.com/rust-lang/crates.io-index"
checksum = "14c189c53d098945499cdfa7ecc63567cf3886b3332b312a5b4585d8d3a6a610"

[[package]]
name = "cc"
version = "1.0.73"
source = "registry+https://github.com/rust-lang/crates.io-index"
checksum = "2fff2a6927b3bb87f9595d67196a70493f627687a71d87a0d692242c33f58c11"

[[package]]
name = "cfg-if"
version = "1.0.0"
source = "registry+https://github.com/rust-lang/crates.io-index"
checksum = "baf1de4339761588bc0619e3cbc0120ee582ebb74b53b4efbf79117bd2da40fd"

[[package]]
name = "chacha20"
version = "0.8.1"
source = "registry+https://github.com/rust-lang/crates.io-index"
checksum = "01b72a433d0cf2aef113ba70f62634c56fddb0f244e6377185c56a7cadbd8f91"
dependencies = [
 "cfg-if",
 "cipher",
 "cpufeatures",
 "zeroize",
]

[[package]]
name = "chacha20poly1305"
version = "0.9.0"
source = "registry+https://github.com/rust-lang/crates.io-index"
checksum = "3b84ed6d1d5f7aa9bdde921a5090e0ca4d934d250ea3b402a5fab3a994e28a2a"
dependencies = [
 "aead",
 "chacha20",
 "cipher",
 "poly1305",
 "zeroize",
]

[[package]]
name = "checked_int_cast"
version = "1.0.0"
source = "registry+https://github.com/rust-lang/crates.io-index"
checksum = "17cc5e6b5ab06331c33589842070416baa137e8b0eb912b008cfd4a78ada7919"

[[package]]
name = "cipher"
version = "0.3.0"
source = "registry+https://github.com/rust-lang/crates.io-index"
checksum = "7ee52072ec15386f770805afd189a01c8841be8696bed250fa2f13c4c0d6dfb7"
dependencies = [
 "generic-array",
]

[[package]]
name = "clap"
version = "3.2.5"
source = "registry+https://github.com/rust-lang/crates.io-index"
checksum = "d53da17d37dba964b9b3ecb5c5a1f193a2762c700e6829201e645b9381c99dc7"
dependencies = [
 "atty",
 "bitflags",
 "clap_lex",
 "indexmap",
 "strsim",
 "termcolor",
 "textwrap",
]

[[package]]
name = "clap_lex"
version = "0.2.2"
source = "registry+https://github.com/rust-lang/crates.io-index"
checksum = "5538cd660450ebeb4234cfecf8f2284b844ffc4c50531e66d584ad5b91293613"
dependencies = [
 "os_str_bytes",
]

[[package]]
name = "color_quant"
version = "1.1.0"
source = "registry+https://github.com/rust-lang/crates.io-index"
checksum = "3d7b894f5411737b7867f4827955924d7c254fc9f4d91a6aad6b097804b1018b"

[[package]]
name = "const_fn"
version = "0.4.9"
source = "registry+https://github.com/rust-lang/crates.io-index"
checksum = "fbdcdcb6d86f71c5e97409ad45898af11cbc995b4ee8112d59095a28d376c935"

[[package]]
name = "constant_time_eq"
version = "0.1.5"
source = "registry+https://github.com/rust-lang/crates.io-index"
checksum = "245097e9a4535ee1e3e3931fcfcd55a796a44c643e8596ff6566d68f09b87bbc"

[[package]]
name = "cpufeatures"
version = "0.2.2"
source = "registry+https://github.com/rust-lang/crates.io-index"
checksum = "59a6001667ab124aebae2a495118e11d30984c3a653e99d86d58971708cf5e4b"
dependencies = [
 "libc",
]

[[package]]
name = "crc32fast"
version = "1.3.2"
source = "registry+https://github.com/rust-lang/crates.io-index"
checksum = "b540bd8bc810d3885c6ea91e2018302f68baba2129ab3e88f32389ee9370880d"
dependencies = [
 "cfg-if",
]

[[package]]
name = "crypto-common"
version = "0.1.3"
source = "registry+https://github.com/rust-lang/crates.io-index"
checksum = "57952ca27b5e3606ff4dd79b0020231aaf9d6aa76dc05fd30137538c50bd3ce8"
dependencies = [
 "generic-array",
 "typenum",
]

[[package]]
name = "crypto-mac"
version = "0.8.0"
source = "registry+https://github.com/rust-lang/crates.io-index"
checksum = "b584a330336237c1eecd3e94266efb216c56ed91225d634cb2991c5f3fd1aeab"
dependencies = [
 "generic-array",
 "subtle",
]

[[package]]
name = "curve25519-dalek"
version = "3.2.0"
source = "registry+https://github.com/rust-lang/crates.io-index"
checksum = "0b9fdf9972b2bd6af2d913799d9ebc165ea4d2e65878e329d9c6b372c4491b61"
dependencies = [
 "byteorder",
 "digest 0.9.0",
 "rand_core 0.5.1",
 "subtle",
 "zeroize",
]

[[package]]
name = "data-encoding"
version = "2.3.2"
source = "registry+https://github.com/rust-lang/crates.io-index"
checksum = "3ee2393c4a91429dffb4bedf19f4d6abf27d8a732c8ce4980305d782e5426d57"

[[package]]
name = "data-encoding-macro"
version = "0.1.12"
source = "registry+https://github.com/rust-lang/crates.io-index"
checksum = "86927b7cd2fe88fa698b87404b287ab98d1a0063a34071d92e575b72d3029aca"
dependencies = [
 "data-encoding",
 "data-encoding-macro-internal",
]

[[package]]
name = "data-encoding-macro-internal"
version = "0.1.10"
source = "registry+https://github.com/rust-lang/crates.io-index"
checksum = "a5bbed42daaa95e780b60a50546aa345b8413a1e46f9a40a12907d3598f038db"
dependencies = [
 "data-encoding",
 "syn",
]

[[package]]
name = "data-url"
version = "0.1.1"
source = "registry+https://github.com/rust-lang/crates.io-index"
checksum = "3a30bfce702bcfa94e906ef82421f2c0e61c076ad76030c16ee5d2e9a32fe193"
dependencies = [
 "matches",
]

[[package]]
name = "deflate"
version = "0.8.6"
source = "registry+https://github.com/rust-lang/crates.io-index"
checksum = "73770f8e1fe7d64df17ca66ad28994a0a623ea497fa69486e14984e715c5d174"
dependencies = [
 "adler32",
 "byteorder",
]

[[package]]
name = "digest"
version = "0.9.0"
source = "registry+https://github.com/rust-lang/crates.io-index"
checksum = "d3dd60d1080a57a05ab032377049e0591415d2b31afd7028356dbf3cc6dcb066"
dependencies = [
 "generic-array",
]

[[package]]
name = "digest"
version = "0.10.3"
source = "registry+https://github.com/rust-lang/crates.io-index"
checksum = "f2fb860ca6fafa5552fb6d0e816a69c8e49f0908bf524e30a90d97c85892d506"
dependencies = [
 "block-buffer 0.10.2",
 "crypto-common",
]

[[package]]
name = "discard"
version = "1.0.4"
source = "registry+https://github.com/rust-lang/crates.io-index"
checksum = "212d0f5754cb6769937f4501cc0e67f4f4483c8d2c3e1e922ee9edbe4ab4c7c0"

[[package]]
name = "dtoa"
version = "0.4.8"
source = "registry+https://github.com/rust-lang/crates.io-index"
checksum = "56899898ce76aaf4a0f24d914c97ea6ed976d42fec6ad33fcbb0a1103e07b2b0"

[[package]]
name = "ed25519"
version = "1.5.2"
source = "registry+https://github.com/rust-lang/crates.io-index"
checksum = "1e9c280362032ea4203659fc489832d0204ef09f247a0506f170dafcac08c369"
dependencies = [
 "signature",
]

[[package]]
name = "ed25519-dalek"
version = "1.0.1"
source = "registry+https://github.com/rust-lang/crates.io-index"
checksum = "c762bae6dcaf24c4c84667b8579785430908723d5c889f469d76a41d59cc7a9d"
dependencies = [
 "curve25519-dalek",
 "ed25519",
 "rand 0.7.3",
 "serde",
 "sha2",
 "zeroize",
]

[[package]]
name = "either"
version = "1.6.1"
source = "registry+https://github.com/rust-lang/crates.io-index"
checksum = "e78d4f1cc4ae33bbfc157ed5d5a5ef3bc29227303d595861deb238fcec4e9457"

[[package]]
name = "encoding"
version = "0.2.33"
source = "registry+https://github.com/rust-lang/crates.io-index"
checksum = "6b0d943856b990d12d3b55b359144ff341533e516d94098b1d3fc1ac666d36ec"
dependencies = [
 "encoding-index-japanese",
 "encoding-index-korean",
 "encoding-index-simpchinese",
 "encoding-index-singlebyte",
 "encoding-index-tradchinese",
]

[[package]]
name = "encoding-index-japanese"
version = "1.20141219.5"
source = "registry+https://github.com/rust-lang/crates.io-index"
checksum = "04e8b2ff42e9a05335dbf8b5c6f7567e5591d0d916ccef4e0b1710d32a0d0c91"
dependencies = [
 "encoding_index_tests",
]

[[package]]
name = "encoding-index-korean"
version = "1.20141219.5"
source = "registry+https://github.com/rust-lang/crates.io-index"
checksum = "4dc33fb8e6bcba213fe2f14275f0963fd16f0a02c878e3095ecfdf5bee529d81"
dependencies = [
 "encoding_index_tests",
]

[[package]]
name = "encoding-index-simpchinese"
version = "1.20141219.5"
source = "registry+https://github.com/rust-lang/crates.io-index"
checksum = "d87a7194909b9118fc707194baa434a4e3b0fb6a5a757c73c3adb07aa25031f7"
dependencies = [
 "encoding_index_tests",
]

[[package]]
name = "encoding-index-singlebyte"
version = "1.20141219.5"
source = "registry+https://github.com/rust-lang/crates.io-index"
checksum = "3351d5acffb224af9ca265f435b859c7c01537c0849754d3db3fdf2bfe2ae84a"
dependencies = [
 "encoding_index_tests",
]

[[package]]
name = "encoding-index-tradchinese"
version = "1.20141219.5"
source = "registry+https://github.com/rust-lang/crates.io-index"
checksum = "fd0e20d5688ce3cab59eb3ef3a2083a5c77bf496cb798dc6fcdb75f323890c18"
dependencies = [
 "encoding_index_tests",
]

[[package]]
name = "encoding_index_tests"
version = "0.1.4"
source = "registry+https://github.com/rust-lang/crates.io-index"
checksum = "a246d82be1c9d791c5dfde9a2bd045fc3cbba3fa2b11ad558f27d01712f00569"

[[package]]
name = "env_logger"
version = "0.8.4"
source = "registry+https://github.com/rust-lang/crates.io-index"
checksum = "a19187fea3ac7e84da7dacf48de0c45d63c6a76f9490dae389aead16c243fce3"
dependencies = [
 "log",
 "regex",
]

[[package]]
name = "flate2"
version = "1.0.24"
source = "registry+https://github.com/rust-lang/crates.io-index"
checksum = "f82b0f4c27ad9f8bfd1f3208d882da2b09c301bc1c828fd3a00d0216d2fbbff6"
dependencies = [
 "crc32fast",
 "miniz_oxide 0.5.3",
]

[[package]]
name = "float-cmp"
version = "0.9.0"
source = "registry+https://github.com/rust-lang/crates.io-index"
checksum = "98de4bbd547a563b716d8dfa9aad1cb19bfab00f4fa09a6a4ed21dbcf44ce9c4"

[[package]]
name = "fontdb"
version = "0.7.0"
source = "registry+https://github.com/rust-lang/crates.io-index"
checksum = "01b07f5c05414a0d8caba4c17eef8dc8b5c8955fc7c68d324191c7a56d3f3449"
dependencies = [
 "log",
 "memmap2",
 "ttf-parser",
]

[[package]]
name = "generic-array"
version = "0.14.5"
source = "registry+https://github.com/rust-lang/crates.io-index"
checksum = "fd48d33ec7f05fbfa152300fdad764757cbded343c1aa1cff2fbaf4134851803"
dependencies = [
 "typenum",
 "version_check",
]

[[package]]
name = "getrandom"
version = "0.1.16"
source = "registry+https://github.com/rust-lang/crates.io-index"
checksum = "8fc3cb4d91f53b50155bdcfd23f6a4c39ae1969c2ae85982b135750cccaf5fce"
dependencies = [
 "cfg-if",
 "js-sys",
 "libc",
 "wasi 0.9.0+wasi-snapshot-preview1",
 "wasm-bindgen",
]

[[package]]
name = "getrandom"
version = "0.2.7"
source = "registry+https://github.com/rust-lang/crates.io-index"
checksum = "4eb1a864a501629691edf6c15a593b7a51eebaa1e8468e9ddc623de7c9b58ec6"
dependencies = [
 "cfg-if",
 "libc",
 "wasi 0.11.0+wasi-snapshot-preview1",
]

[[package]]
name = "hashbrown"
version = "0.12.1"
source = "registry+https://github.com/rust-lang/crates.io-index"
checksum = "db0d4cf898abf0081f964436dc980e96670a0f36863e4b83aaacdb65c9d7ccc3"

[[package]]
name = "hermit-abi"
version = "0.1.19"
source = "registry+https://github.com/rust-lang/crates.io-index"
checksum = "62b467343b94ba476dcb2500d242dadbb39557df889310ac77c5d99100aaac33"
dependencies = [
 "libc",
]

[[package]]
name = "hmac"
version = "0.8.1"
source = "registry+https://github.com/rust-lang/crates.io-index"
checksum = "126888268dcc288495a26bf004b38c5fdbb31682f992c84ceb046a1f0fe38840"
dependencies = [
 "crypto-mac",
 "digest 0.9.0",
]

[[package]]
name = "image"
version = "0.23.14"
source = "registry+https://github.com/rust-lang/crates.io-index"
checksum = "24ffcb7e7244a9bf19d35bf2883b9c080c4ced3c07a9895572178cdb8f13f6a1"
dependencies = [
 "bytemuck",
 "byteorder",
 "color_quant",
 "jpeg-decoder",
 "num-iter",
 "num-rational",
 "num-traits",
 "png",
]

[[package]]
name = "indexmap"
version = "1.9.0"
source = "registry+https://github.com/rust-lang/crates.io-index"
checksum = "6c6392766afd7964e2531940894cffe4bd8d7d17dbc3c1c4857040fd4b33bdb3"
dependencies = [
 "autocfg",
 "hashbrown",
]

[[package]]
name = "itertools"
version = "0.10.3"
source = "registry+https://github.com/rust-lang/crates.io-index"
checksum = "a9a9d19fa1e79b6215ff29b9d6880b706147f16e9b1dbb1e4e5947b5b02bc5e3"
dependencies = [
 "either",
]

[[package]]
name = "itoa"
version = "0.4.8"
source = "registry+https://github.com/rust-lang/crates.io-index"
checksum = "b71991ff56294aa922b450139ee08b3bfc70982c6b2c7562771375cf73542dd4"

[[package]]
name = "itoa"
version = "1.0.2"
source = "registry+https://github.com/rust-lang/crates.io-index"
checksum = "112c678d4050afce233f4f2852bb2eb519230b3cf12f33585275537d7e41578d"

[[package]]
name = "jpeg-decoder"
version = "0.1.22"
source = "registry+https://github.com/rust-lang/crates.io-index"
checksum = "229d53d58899083193af11e15917b5640cd40b29ff475a1fe4ef725deb02d0f2"

[[package]]
name = "js-sys"
version = "0.3.58"
source = "registry+https://github.com/rust-lang/crates.io-index"
checksum = "c3fac17f7123a73ca62df411b1bf727ccc805daa070338fda671c86dac1bdc27"
dependencies = [
 "wasm-bindgen",
]

[[package]]
name = "keccak"
version = "0.1.2"
source = "registry+https://github.com/rust-lang/crates.io-index"
checksum = "f9b7d56ba4a8344d6be9729995e6b06f928af29998cdf79fe390cbf6b1fee838"

[[package]]
name = "kurbo"
version = "0.8.3"
source = "registry+https://github.com/rust-lang/crates.io-index"
checksum = "7a53776d271cfb873b17c618af0298445c88afc52837f3e948fa3fafd131f449"
dependencies = [
 "arrayvec 0.7.2",
]

[[package]]
name = "lazy_static"
version = "1.4.0"
source = "registry+https://github.com/rust-lang/crates.io-index"
checksum = "e2abad23fbc42b3700f2f279844dc832adb2b2eb069b2df918f455c4e18cc646"

[[package]]
name = "libc"
version = "0.2.126"
source = "registry+https://github.com/rust-lang/crates.io-index"
checksum = "349d5a591cd28b49e1d1037471617a32ddcda5731b99419008085f72d5a53836"

[[package]]
name = "linked-hash-map"
version = "0.5.4"
source = "registry+https://github.com/rust-lang/crates.io-index"
checksum = "7fb9b38af92608140b86b693604b9ffcc5824240a484d1ecd4795bacb2fe88f3"

[[package]]
name = "log"
version = "0.4.17"
source = "registry+https://github.com/rust-lang/crates.io-index"
checksum = "abb12e687cfb44aa40f41fc3978ef76448f9b6038cad6aef4259d3c095a2382e"
dependencies = [
 "cfg-if",
]

[[package]]
name = "lopdf"
version = "0.27.0"
source = "registry+https://github.com/rust-lang/crates.io-index"
checksum = "8146695b97752d9c66da0092c6364f8f3ca683f5ea34341db21e5550c3b8c4f4"
dependencies = [
 "dtoa",
 "encoding",
 "flate2",
 "itoa 0.4.8",
 "lazy_static",
 "linked-hash-map",
 "log",
 "pom",
 "time",
 "weezl",
]

[[package]]
name = "matches"
version = "0.1.9"
source = "registry+https://github.com/rust-lang/crates.io-index"
checksum = "a3e378b66a060d48947b590737b30a1be76706c8dd7b8ba0f2fe3989c68a853f"

[[package]]
name = "memchr"
version = "2.5.0"
source = "registry+https://github.com/rust-lang/crates.io-index"
checksum = "2dffe52ecf27772e601905b7522cb4ef790d2cc203488bbd0e2fe85fcb74566d"

[[package]]
name = "memmap2"
version = "0.5.4"
source = "registry+https://github.com/rust-lang/crates.io-index"
checksum = "d5172b50c23043ff43dd53e51392f36519d9b35a8f3a410d30ece5d1aedd58ae"
dependencies = [
 "libc",
]

[[package]]
name = "minimal-lexical"
version = "0.2.1"
source = "registry+https://github.com/rust-lang/crates.io-index"
checksum = "68354c5c6bd36d73ff3feceb05efa59b6acb7626617f4962be322a825e61f79a"

[[package]]
name = "miniz_oxide"
version = "0.3.7"
source = "registry+https://github.com/rust-lang/crates.io-index"
checksum = "791daaae1ed6889560f8c4359194f56648355540573244a5448a83ba1ecc7435"
dependencies = [
 "adler32",
]

[[package]]
name = "miniz_oxide"
version = "0.4.4"
source = "registry+https://github.com/rust-lang/crates.io-index"
checksum = "a92518e98c078586bc6c934028adcca4c92a53d6a958196de835170a01d84e4b"
dependencies = [
 "adler",
 "autocfg",
]

[[package]]
name = "miniz_oxide"
version = "0.5.3"
source = "registry+https://github.com/rust-lang/crates.io-index"
checksum = "6f5c75688da582b8ffc1f1799e9db273f32133c49e048f614d22ec3256773ccc"
dependencies = [
 "adler",
]

[[package]]
name = "multibase"
version = "0.9.1"
source = "registry+https://github.com/rust-lang/crates.io-index"
checksum = "9b3539ec3c1f04ac9748a260728e855f261b4977f5c3406612c884564f329404"
dependencies = [
 "base-x",
 "data-encoding",
 "data-encoding-macro",
]

[[package]]
name = "multihash"
version = "0.15.0"
source = "registry+https://github.com/rust-lang/crates.io-index"
checksum = "49e540106213dc639fe2b632a7d9e3525169ef081378a7c2da4457b84fec44c0"
dependencies = [
 "blake2b_simd",
 "blake2s_simd",
 "blake3",
 "digest 0.9.0",
 "generic-array",
 "multihash-derive",
 "sha2",
 "sha3",
 "unsigned-varint",
]

[[package]]
name = "multihash-derive"
version = "0.7.2"
source = "registry+https://github.com/rust-lang/crates.io-index"
checksum = "424f6e86263cd5294cbd7f1e95746b95aca0e0d66bff31e5a40d6baa87b4aa99"
dependencies = [
 "proc-macro-crate",
 "proc-macro-error",
 "proc-macro2",
 "quote",
 "syn",
 "synstructure",
]

[[package]]
name = "nom"
version = "7.1.1"
source = "registry+https://github.com/rust-lang/crates.io-index"
checksum = "a8903e5a29a317527874d0402f867152a3d21c908bb0b933e416c65e301d4c36"
dependencies = [
 "memchr",
 "minimal-lexical",
]

[[package]]
name = "num-integer"
version = "0.1.45"
source = "registry+https://github.com/rust-lang/crates.io-index"
checksum = "225d3389fb3509a24c93f5c29eb6bde2586b98d9f016636dff58d7c6f7569cd9"
dependencies = [
 "autocfg",
 "num-traits",
]

[[package]]
name = "num-iter"
version = "0.1.43"
source = "registry+https://github.com/rust-lang/crates.io-index"
checksum = "7d03e6c028c5dc5cac6e2dec0efda81fc887605bb3d884578bb6d6bf7514e252"
dependencies = [
 "autocfg",
 "num-integer",
 "num-traits",
]

[[package]]
name = "num-rational"
version = "0.3.2"
source = "registry+https://github.com/rust-lang/crates.io-index"
checksum = "12ac428b1cb17fce6f731001d307d351ec70a6d202fc2e60f7d4c5e42d8f4f07"
dependencies = [
 "autocfg",
 "num-integer",
 "num-traits",
]

[[package]]
name = "num-traits"
version = "0.2.15"
source = "registry+https://github.com/rust-lang/crates.io-index"
checksum = "578ede34cf02f8924ab9447f50c28075b4d3e5b269972345e7e0372b38c6cdcd"
dependencies = [
 "autocfg",
]

[[package]]
name = "once_cell"
version = "1.12.0"
source = "registry+https://github.com/rust-lang/crates.io-index"
checksum = "7709cef83f0c1f58f666e746a08b21e0085f7440fa6a29cc194d68aac97a4225"

[[package]]
name = "opaque-debug"
version = "0.3.0"
source = "registry+https://github.com/rust-lang/crates.io-index"
checksum = "624a8340c38c1b80fd549087862da4ba43e08858af025b236e509b6649fc13d5"

[[package]]
name = "os_str_bytes"
version = "6.1.0"
source = "registry+https://github.com/rust-lang/crates.io-index"
checksum = "21326818e99cfe6ce1e524c2a805c189a99b5ae555a35d19f9a284b427d86afa"

[[package]]
name = "owned_ttf_parser"
version = "0.12.1"
source = "registry+https://github.com/rust-lang/crates.io-index"
checksum = "60ac8dda2e5cc09bf6480e3b3feff9783db251710c922ae9369a429c51efdeb0"
dependencies = [
 "ttf-parser",
]

[[package]]
name = "paperback"
version = "0.0.0"
dependencies = [
 "anyhow",
 "clap",
 "multibase",
 "paperback-core",
]

[[package]]
name = "paperback-core"
version = "0.0.0"
dependencies = [
 "aead",
 "anyhow",
 "chacha20poly1305",
 "digest 0.10.3",
 "ed25519-dalek",
 "itertools",
 "multibase",
 "multihash",
 "nom",
 "once_cell",
 "printpdf",
 "qrcode",
 "quickcheck",
 "quickcheck_macros",
 "rand 0.7.3",
 "serde",
 "signature",
 "thiserror",
 "tiny-bip39",
 "typenum",
 "unsigned-varint",
]

[[package]]
name = "pbkdf2"
version = "0.4.0"
source = "registry+https://github.com/rust-lang/crates.io-index"
checksum = "216eaa586a190f0a738f2f918511eecfa90f13295abec0e457cdebcceda80cbd"
dependencies = [
 "crypto-mac",
]

[[package]]
name = "pdf-writer"
version = "0.4.1"
source = "registry+https://github.com/rust-lang/crates.io-index"
checksum = "36d760a6f2ac90811cba1006a298e8a7e5ce2c922bb5dc7f7000911a4a6b60f4"
dependencies = [
 "bitflags",
 "itoa 0.4.8",
 "ryu",
]

[[package]]
name = "pico-args"
version = "0.4.2"
source = "registry+https://github.com/rust-lang/crates.io-index"
checksum = "db8bcd96cb740d03149cbad5518db9fd87126a10ab519c011893b1754134c468"

[[package]]
name = "png"
version = "0.16.8"
source = "registry+https://github.com/rust-lang/crates.io-index"
checksum = "3c3287920cb847dee3de33d301c463fba14dda99db24214ddf93f83d3021f4c6"
dependencies = [
 "bitflags",
 "crc32fast",
 "deflate",
 "miniz_oxide 0.3.7",
]

[[package]]
name = "poly1305"
version = "0.7.2"
source = "registry+https://github.com/rust-lang/crates.io-index"
checksum = "048aeb476be11a4b6ca432ca569e375810de9294ae78f4774e78ea98a9246ede"
dependencies = [
 "cpufeatures",
 "opaque-debug",
 "universal-hash",
]

[[package]]
name = "pom"
version = "3.2.0"
source = "registry+https://github.com/rust-lang/crates.io-index"
checksum = "07e2192780e9f8e282049ff9bffcaa28171e1cb0844f49ed5374e518ae6024ec"

[[package]]
name = "ppv-lite86"
version = "0.2.16"
source = "registry+https://github.com/rust-lang/crates.io-index"
checksum = "eb9f9e6e233e5c4a35559a617bf40a4ec447db2e84c20b55a6f83167b7e57872"

[[package]]
name = "printpdf"
version = "0.5.0"
source = "git+https://github.com/fschutt/printpdf?rev=4422e3a61dec97767a930322340c608338906702#4422e3a61dec97767a930322340c608338906702"
dependencies = [
 "js-sys",
 "lopdf",
 "owned_ttf_parser",
 "pdf-writer",
 "svg2pdf",
 "time",
 "usvg",
]

[[package]]
name = "proc-macro-crate"
version = "1.1.3"
source = "registry+https://github.com/rust-lang/crates.io-index"
checksum = "e17d47ce914bf4de440332250b0edd23ce48c005f59fab39d3335866b114f11a"
dependencies = [
 "thiserror",
 "toml",
]

[[package]]
name = "proc-macro-error"
version = "1.0.4"
source = "registry+https://github.com/rust-lang/crates.io-index"
checksum = "da25490ff9892aab3fcf7c36f08cfb902dd3e71ca0f9f9517bea02a73a5ce38c"
dependencies = [
 "proc-macro-error-attr",
 "proc-macro2",
 "quote",
 "syn",
 "version_check",
]

[[package]]
name = "proc-macro-error-attr"
version = "1.0.4"
source = "registry+https://github.com/rust-lang/crates.io-index"
checksum = "a1be40180e52ecc98ad80b184934baf3d0d29f979574e439af5a55274b35f869"
dependencies = [
 "proc-macro2",
 "quote",
 "version_check",
]

[[package]]
name = "proc-macro-hack"
version = "0.5.19"
source = "registry+https://github.com/rust-lang/crates.io-index"
checksum = "dbf0c48bc1d91375ae5c3cd81e3722dff1abcf81a30960240640d223f59fe0e5"

[[package]]
name = "proc-macro2"
version = "1.0.39"
source = "registry+https://github.com/rust-lang/crates.io-index"
checksum = "c54b25569025b7fc9651de43004ae593a75ad88543b17178aa5e1b9c4f15f56f"
dependencies = [
 "unicode-ident",
]

[[package]]
name = "qrcode"
version = "0.12.0"
source = "registry+https://github.com/rust-lang/crates.io-index"
checksum = "16d2f1455f3630c6e5107b4f2b94e74d76dea80736de0981fd27644216cff57f"
dependencies = [
 "checked_int_cast",
 "image",
]

[[package]]
name = "quickcheck"
version = "1.0.3"
source = "registry+https://github.com/rust-lang/crates.io-index"
checksum = "588f6378e4dd99458b60ec275b4477add41ce4fa9f64dcba6f15adccb19b50d6"
dependencies = [
 "env_logger",
 "log",
 "rand 0.8.5",
]

[[package]]
name = "quickcheck_macros"
version = "1.0.0"
source = "registry+https://github.com/rust-lang/crates.io-index"
checksum = "b22a693222d716a9587786f37ac3f6b4faedb5b80c23914e7303ff5a1d8016e9"
dependencies = [
 "proc-macro2",
 "quote",
 "syn",
]

[[package]]
name = "quote"
version = "1.0.18"
source = "registry+https://github.com/rust-lang/crates.io-index"
checksum = "a1feb54ed693b93a84e14094943b84b7c4eae204c512b7ccb95ab0c66d278ad1"
dependencies = [
 "proc-macro2",
]

[[package]]
name = "rand"
version = "0.7.3"
source = "registry+https://github.com/rust-lang/crates.io-index"
checksum = "6a6b1679d49b24bbfe0c803429aa1874472f50d9b363131f0e89fc356b544d03"
dependencies = [
 "getrandom 0.1.16",
 "libc",
 "rand_chacha",
 "rand_core 0.5.1",
 "rand_hc",
]

[[package]]
name = "rand"
version = "0.8.5"
source = "registry+https://github.com/rust-lang/crates.io-index"
checksum = "34af8d1a0e25924bc5b7c43c079c942339d8f0a8b57c39049bef581b46327404"
dependencies = [
 "rand_core 0.6.3",
]

[[package]]
name = "rand_chacha"
version = "0.2.2"
source = "registry+https://github.com/rust-lang/crates.io-index"
checksum = "f4c8ed856279c9737206bf725bf36935d8666ead7aa69b52be55af369d193402"
dependencies = [
 "ppv-lite86",
 "rand_core 0.5.1",
]

[[package]]
name = "rand_core"
version = "0.5.1"
source = "registry+https://github.com/rust-lang/crates.io-index"
checksum = "90bde5296fc891b0cef12a6d03ddccc162ce7b2aff54160af9338f8d40df6d19"
dependencies = [
 "getrandom 0.1.16",
]

[[package]]
name = "rand_core"
version = "0.6.3"
source = "registry+https://github.com/rust-lang/crates.io-index"
checksum = "d34f1408f55294453790c48b2f1ebbb1c5b4b7563eb1f418bcfcfdbb06ebb4e7"
dependencies = [
 "getrandom 0.2.7",
]

[[package]]
name = "rand_hc"
version = "0.2.0"
source = "registry+https://github.com/rust-lang/crates.io-index"
checksum = "ca3129af7b92a17112d59ad498c6f81eaf463253766b90396d39ea7a39d6613c"
dependencies = [
 "rand_core 0.5.1",
]

[[package]]
name = "rctree"
version = "0.4.0"
source = "registry+https://github.com/rust-lang/crates.io-index"
checksum = "9ae028b272a6e99d9f8260ceefa3caa09300a8d6c8d2b2001316474bc52122e9"

[[package]]
name = "regex"
version = "1.5.6"
source = "registry+https://github.com/rust-lang/crates.io-index"
checksum = "d83f127d94bdbcda4c8cc2e50f6f84f4b611f69c902699ca385a39c3a75f9ff1"
dependencies = [
 "aho-corasick",
 "memchr",
 "regex-syntax",
]

[[package]]
name = "regex-syntax"
version = "0.6.26"
source = "registry+https://github.com/rust-lang/crates.io-index"
checksum = "49b3de9ec5dc0a3417da371aab17d729997c15010e7fd24ff707773a33bddb64"

[[package]]
name = "roxmltree"
version = "0.14.1"
source = "registry+https://github.com/rust-lang/crates.io-index"
checksum = "921904a62e410e37e215c40381b7117f830d9d89ba60ab5236170541dd25646b"
dependencies = [
 "xmlparser",
]

[[package]]
name = "rustc-hash"
version = "1.1.0"
source = "registry+https://github.com/rust-lang/crates.io-index"
checksum = "08d43f7aa6b08d49f382cde6a7982047c3426db949b1424bc4b7ec9ae12c6ce2"

[[package]]
name = "rustc_version"
version = "0.2.3"
source = "registry+https://github.com/rust-lang/crates.io-index"
checksum = "138e3e0acb6c9fb258b19b67cb8abd63c00679d2851805ea151465464fe9030a"
dependencies = [
 "semver",
]

[[package]]
name = "rustybuzz"
version = "0.4.0"
source = "registry+https://github.com/rust-lang/crates.io-index"
checksum = "44561062e583c4873162861261f16fd1d85fe927c4904d71329a4fe43dc355ef"
dependencies = [
 "bitflags",
 "bytemuck",
 "smallvec",
 "ttf-parser",
 "unicode-bidi-mirroring",
 "unicode-ccc",
 "unicode-general-category",
 "unicode-script",
]

[[package]]
name = "ryu"
version = "1.0.10"
source = "registry+https://github.com/rust-lang/crates.io-index"
checksum = "f3f6f92acf49d1b98f7a81226834412ada05458b7364277387724a237f062695"

[[package]]
name = "semver"
version = "0.9.0"
source = "registry+https://github.com/rust-lang/crates.io-index"
checksum = "1d7eb9ef2c18661902cc47e535f9bc51b78acd254da71d375c2f6720d9a40403"
dependencies = [
 "semver-parser",
]

[[package]]
name = "semver-parser"
version = "0.7.0"
source = "registry+https://github.com/rust-lang/crates.io-index"
checksum = "388a1df253eca08550bef6c72392cfe7c30914bf41df5269b68cbd6ff8f570a3"

[[package]]
name = "serde"
version = "1.0.137"
source = "registry+https://github.com/rust-lang/crates.io-index"
checksum = "61ea8d54c77f8315140a05f4c7237403bf38b72704d031543aa1d16abbf517d1"
dependencies = [
 "serde_derive",
]

[[package]]
name = "serde_derive"
version = "1.0.137"
source = "registry+https://github.com/rust-lang/crates.io-index"
checksum = "1f26faba0c3959972377d3b2d306ee9f71faee9714294e41bb777f83f88578be"
dependencies = [
 "proc-macro2",
 "quote",
 "syn",
]

[[package]]
name = "serde_json"
version = "1.0.81"
source = "registry+https://github.com/rust-lang/crates.io-index"
checksum = "9b7ce2b32a1aed03c558dc61a5cd328f15aff2dbc17daad8fb8af04d2100e15c"
dependencies = [
 "itoa 1.0.2",
 "ryu",
 "serde",
]

[[package]]
name = "sha1"
version = "0.6.1"
source = "registry+https://github.com/rust-lang/crates.io-index"
checksum = "c1da05c97445caa12d05e848c4a4fcbbea29e748ac28f7e80e9b010392063770"
dependencies = [
 "sha1_smol",
]

[[package]]
name = "sha1_smol"
version = "1.0.0"
source = "registry+https://github.com/rust-lang/crates.io-index"
checksum = "ae1a47186c03a32177042e55dbc5fd5aee900b8e0069a8d70fba96a9375cd012"

[[package]]
name = "sha2"
version = "0.9.9"
source = "registry+https://github.com/rust-lang/crates.io-index"
checksum = "4d58a1e1bf39749807d89cf2d98ac2dfa0ff1cb3faa38fbb64dd88ac8013d800"
dependencies = [
 "block-buffer 0.9.0",
 "cfg-if",
 "cpufeatures",
 "digest 0.9.0",
 "opaque-debug",
]

[[package]]
name = "sha3"
version = "0.9.1"
source = "registry+https://github.com/rust-lang/crates.io-index"
checksum = "f81199417d4e5de3f04b1e871023acea7389672c4135918f05aa9cbf2f2fa809"
dependencies = [
 "block-buffer 0.9.0",
 "digest 0.9.0",
 "keccak",
 "opaque-debug",
]

[[package]]
name = "signature"
version = "1.5.0"
source = "registry+https://github.com/rust-lang/crates.io-index"
checksum = "f054c6c1a6e95179d6f23ed974060dcefb2d9388bb7256900badad682c499de4"

[[package]]
name = "simplecss"
version = "0.2.1"
source = "registry+https://github.com/rust-lang/crates.io-index"
checksum = "a11be7c62927d9427e9f40f3444d5499d868648e2edbc4e2116de69e7ec0e89d"
dependencies = [
 "log",
]

[[package]]
name = "siphasher"
version = "0.3.10"
source = "registry+https://github.com/rust-lang/crates.io-index"
checksum = "7bd3e3206899af3f8b12af284fafc038cc1dc2b41d1b89dd17297221c5d225de"

[[package]]
name = "smallvec"
version = "1.8.0"
source = "registry+https://github.com/rust-lang/crates.io-index"
checksum = "f2dd574626839106c320a323308629dcb1acfc96e32a8cba364ddc61ac23ee83"

[[package]]
name = "standback"
version = "0.2.17"
source = "registry+https://github.com/rust-lang/crates.io-index"
checksum = "e113fb6f3de07a243d434a56ec6f186dfd51cb08448239fe7bcae73f87ff28ff"
dependencies = [
 "version_check",
]

[[package]]
name = "stdweb"
version = "0.4.20"
source = "registry+https://github.com/rust-lang/crates.io-index"
checksum = "d022496b16281348b52d0e30ae99e01a73d737b2f45d38fed4edf79f9325a1d5"
dependencies = [
 "discard",
 "rustc_version",
 "stdweb-derive",
 "stdweb-internal-macros",
 "stdweb-internal-runtime",
 "wasm-bindgen",
]

[[package]]
name = "stdweb-derive"
version = "0.5.3"
source = "registry+https://github.com/rust-lang/crates.io-index"
checksum = "c87a60a40fccc84bef0652345bbbbbe20a605bf5d0ce81719fc476f5c03b50ef"
dependencies = [
 "proc-macro2",
 "quote",
 "serde",
 "serde_derive",
 "syn",
]

[[package]]
name = "stdweb-internal-macros"
version = "0.2.9"
source = "registry+https://github.com/rust-lang/crates.io-index"
checksum = "58fa5ff6ad0d98d1ffa8cb115892b6e69d67799f6763e162a1c9db421dc22e11"
dependencies = [
 "base-x",
 "proc-macro2",
 "quote",
 "serde",
 "serde_derive",
 "serde_json",
 "sha1",
 "syn",
]

[[package]]
name = "stdweb-internal-runtime"
version = "0.1.5"
source = "registry+https://github.com/rust-lang/crates.io-index"
checksum = "213701ba3370744dcd1a12960caa4843b3d68b4d1c0a5d575e0d65b2ee9d16c0"

[[package]]
name = "strsim"
version = "0.10.0"
source = "registry+https://github.com/rust-lang/crates.io-index"
checksum = "73473c0e59e6d5812c5dfe2a064a6444949f089e20eec9a2e5506596494e4623"

[[package]]
name = "subtle"
version = "2.4.1"
source = "registry+https://github.com/rust-lang/crates.io-index"
checksum = "6bdef32e8150c2a081110b42772ffe7d7c9032b606bc226c8260fd97e0976601"

[[package]]
name = "svg2pdf"
version = "0.1.0"
source = "registry+https://github.com/rust-lang/crates.io-index"
checksum = "df8af8eebab963c97dc4ae380c0adb6063fdaaf586dd961b55205c6a9d646430"
dependencies = [
 "image",
 "miniz_oxide 0.4.4",
 "pdf-writer",
 "usvg",
]

[[package]]
name = "svgtypes"
version = "0.8.1"
source = "registry+https://github.com/rust-lang/crates.io-index"
checksum = "cc802f68b144cdf4d8ff21301f9a7863e837c627fde46537e29c05e8a18c85c1"
dependencies = [
 "siphasher",
]

[[package]]
name = "syn"
version = "1.0.96"
source = "registry+https://github.com/rust-lang/crates.io-index"
checksum = "0748dd251e24453cb8717f0354206b91557e4ec8703673a4b30208f2abaf1ebf"
dependencies = [
 "proc-macro2",
 "quote",
 "unicode-ident",
]

[[package]]
name = "synstructure"
version = "0.12.6"
source = "registry+https://github.com/rust-lang/crates.io-index"
checksum = "f36bdaa60a83aca3921b5259d5400cbf5e90fc51931376a9bd4a0eb79aa7210f"
dependencies = [
 "proc-macro2",
 "quote",
 "syn",
 "unicode-xid",
]

[[package]]
name = "termcolor"
version = "1.1.3"
source = "registry+https://github.com/rust-lang/crates.io-index"
checksum = "bab24d30b911b2376f3a13cc2cd443142f0c81dda04c118693e35b3835757755"
dependencies = [
 "winapi-util",
]

[[package]]
name = "textwrap"
version = "0.15.0"
source = "registry+https://github.com/rust-lang/crates.io-index"
checksum = "b1141d4d61095b28419e22cb0bbf02755f5e54e0526f97f1e3d1d160e60885fb"

[[package]]
name = "thiserror"
version = "1.0.31"
source = "registry+https://github.com/rust-lang/crates.io-index"
checksum = "bd829fe32373d27f76265620b5309d0340cb8550f523c1dda251d6298069069a"
dependencies = [
 "thiserror-impl",
]

[[package]]
name = "thiserror-impl"
version = "1.0.31"
source = "registry+https://github.com/rust-lang/crates.io-index"
checksum = "0396bc89e626244658bef819e22d0cc459e795a5ebe878e6ec336d1674a8d79a"
dependencies = [
 "proc-macro2",
 "quote",
 "syn",
]

[[package]]
name = "time"
version = "0.2.27"
source = "registry+https://github.com/rust-lang/crates.io-index"
checksum = "4752a97f8eebd6854ff91f1c1824cd6160626ac4bd44287f7f4ea2035a02a242"
dependencies = [
 "const_fn",
 "libc",
 "standback",
 "stdweb",
 "time-macros",
 "version_check",
 "winapi",
]

[[package]]
name = "time-macros"
version = "0.1.1"
source = "registry+https://github.com/rust-lang/crates.io-index"
checksum = "957e9c6e26f12cb6d0dd7fc776bb67a706312e7299aed74c8dd5b17ebb27e2f1"
dependencies = [
 "proc-macro-hack",
 "time-macros-impl",
]

[[package]]
name = "time-macros-impl"
version = "0.1.2"
source = "registry+https://github.com/rust-lang/crates.io-index"
checksum = "fd3c141a1b43194f3f56a1411225df8646c55781d5f26db825b3d98507eb482f"
dependencies = [
 "proc-macro-hack",
 "proc-macro2",
 "quote",
 "standback",
 "syn",
]

[[package]]
name = "tiny-bip39"
version = "0.8.2"
source = "registry+https://github.com/rust-lang/crates.io-index"
checksum = "ffc59cb9dfc85bb312c3a78fd6aa8a8582e310b0fa885d5bb877f6dcc601839d"
dependencies = [
 "anyhow",
 "hmac",
 "once_cell",
 "pbkdf2",
 "rand 0.7.3",
 "rustc-hash",
 "sha2",
 "thiserror",
 "unicode-normalization",
 "wasm-bindgen",
 "zeroize",
]

[[package]]
name = "tinyvec"
version = "1.6.0"
source = "registry+https://github.com/rust-lang/crates.io-index"
checksum = "87cc5ceb3875bb20c2890005a4e226a4651264a5c75edb2421b52861a0a0cb50"
dependencies = [
 "tinyvec_macros",
]

[[package]]
name = "tinyvec_macros"
version = "0.1.0"
source = "registry+https://github.com/rust-lang/crates.io-index"
checksum = "cda74da7e1a664f795bb1f8a87ec406fb89a02522cf6e50620d016add6dbbf5c"

[[package]]
name = "toml"
version = "0.5.9"
source = "registry+https://github.com/rust-lang/crates.io-index"
checksum = "8d82e1a7758622a465f8cee077614c73484dac5b836c02ff6a40d5d1010324d7"
dependencies = [
 "serde",
]

[[package]]
name = "ttf-parser"
version = "0.12.3"
source = "registry+https://github.com/rust-lang/crates.io-index"
checksum = "7ae2f58a822f08abdaf668897e96a5656fe72f5a9ce66422423e8849384872e6"

[[package]]
name = "typenum"
version = "1.15.0"
source = "registry+https://github.com/rust-lang/crates.io-index"
checksum = "dcf81ac59edc17cc8697ff311e8f5ef2d99fcbd9817b34cec66f90b6c3dfd987"

[[package]]
name = "unicode-bidi"
version = "0.3.8"
source = "registry+https://github.com/rust-lang/crates.io-index"
checksum = "099b7128301d285f79ddd55b9a83d5e6b9e97c92e0ea0daebee7263e932de992"

[[package]]
name = "unicode-bidi-mirroring"
version = "0.1.0"
source = "registry+https://github.com/rust-lang/crates.io-index"
checksum = "56d12260fb92d52f9008be7e4bca09f584780eb2266dc8fecc6a192bec561694"

[[package]]
name = "unicode-ccc"
version = "0.1.2"
source = "registry+https://github.com/rust-lang/crates.io-index"
checksum = "cc2520efa644f8268dce4dcd3050eaa7fc044fca03961e9998ac7e2e92b77cf1"

[[package]]
name = "unicode-general-category"
version = "0.4.0"
source = "registry+https://github.com/rust-lang/crates.io-index"
checksum = "07547e3ee45e28326cc23faac56d44f58f16ab23e413db526debce3b0bfd2742"

[[package]]
name = "unicode-ident"
version = "1.0.1"
source = "registry+https://github.com/rust-lang/crates.io-index"
checksum = "5bd2fe26506023ed7b5e1e315add59d6f584c621d037f9368fea9cfb988f368c"

[[package]]
name = "unicode-normalization"
version = "0.1.19"
source = "registry+https://github.com/rust-lang/crates.io-index"
checksum = "d54590932941a9e9266f0832deed84ebe1bf2e4c9e4a3554d393d18f5e854bf9"
dependencies = [
 "tinyvec",
]

[[package]]
name = "unicode-script"
version = "0.5.4"
source = "registry+https://github.com/rust-lang/crates.io-index"
checksum = "58dd944fd05f2f0b5c674917aea8a4df6af84f2d8de3fe8d988b95d28fb8fb09"

[[package]]
name = "unicode-vo"
version = "0.1.0"
source = "registry+https://github.com/rust-lang/crates.io-index"
checksum = "b1d386ff53b415b7fe27b50bb44679e2cc4660272694b7b6f3326d8480823a94"

[[package]]
name = "unicode-xid"
version = "0.2.3"
source = "registry+https://github.com/rust-lang/crates.io-index"
checksum = "957e51f3646910546462e67d5f7599b9e4fb8acdd304b087a6494730f9eebf04"

[[package]]
name = "universal-hash"
version = "0.4.1"
source = "registry+https://github.com/rust-lang/crates.io-index"
checksum = "9f214e8f697e925001e66ec2c6e37a4ef93f0f78c2eed7814394e10c62025b05"
dependencies = [
 "generic-array",
 "subtle",
]

[[package]]
name = "unsigned-varint"
version = "0.7.1"
source = "git+https://github.com/cyphar/unsigned-varint?branch=nom6-errors#ad577035fc09d2b8351efa14f5812920b9216a9d"
dependencies = [
 "nom",
]

[[package]]
name = "usvg"
version = "0.19.0"
source = "registry+https://github.com/rust-lang/crates.io-index"
checksum = "f472f6f5d41d3eaef059bc893dcd2382eefcdda3e04ebe0b2860c56b538e491e"
dependencies = [
 "base64",
 "data-url",
 "flate2",
 "float-cmp",
 "fontdb",
 "kurbo",
 "log",
 "pico-args",
 "rctree",
 "roxmltree",
 "rustybuzz",
 "simplecss",
 "siphasher",
 "svgtypes",
 "ttf-parser",
 "unicode-bidi",
 "unicode-script",
 "unicode-vo",
 "xmlwriter",
]

[[package]]
name = "version_check"
version = "0.9.4"
source = "registry+https://github.com/rust-lang/crates.io-index"
checksum = "49874b5167b65d7193b8aba1567f5c7d93d001cafc34600cee003eda787e483f"

[[package]]
name = "wasi"
version = "0.9.0+wasi-snapshot-preview1"
source = "registry+https://github.com/rust-lang/crates.io-index"
checksum = "cccddf32554fecc6acb585f82a32a72e28b48f8c4c1883ddfeeeaa96f7d8e519"

[[package]]
name = "wasi"
version = "0.11.0+wasi-snapshot-preview1"
source = "registry+https://github.com/rust-lang/crates.io-index"
checksum = "9c8d87e72b64a3b4db28d11ce29237c246188f4f51057d65a7eab63b7987e423"

[[package]]
name = "wasm-bindgen"
version = "0.2.81"
source = "registry+https://github.com/rust-lang/crates.io-index"
checksum = "7c53b543413a17a202f4be280a7e5c62a1c69345f5de525ee64f8cfdbc954994"
dependencies = [
 "cfg-if",
 "wasm-bindgen-macro",
]

[[package]]
name = "wasm-bindgen-backend"
version = "0.2.81"
source = "registry+https://github.com/rust-lang/crates.io-index"
checksum = "5491a68ab4500fa6b4d726bd67408630c3dbe9c4fe7bda16d5c82a1fd8c7340a"
dependencies = [
 "bumpalo",
 "lazy_static",
 "log",
 "proc-macro2",
 "quote",
 "syn",
 "wasm-bindgen-shared",
]

[[package]]
name = "wasm-bindgen-macro"
version = "0.2.81"
source = "registry+https://github.com/rust-lang/crates.io-index"
checksum = "c441e177922bc58f1e12c022624b6216378e5febc2f0533e41ba443d505b80aa"
dependencies = [
 "quote",
 "wasm-bindgen-macro-support",
]

[[package]]
name = "wasm-bindgen-macro-support"
version = "0.2.81"
source = "registry+https://github.com/rust-lang/crates.io-index"
checksum = "7d94ac45fcf608c1f45ef53e748d35660f168490c10b23704c7779ab8f5c3048"
dependencies = [
 "proc-macro2",
 "quote",
 "syn",
 "wasm-bindgen-backend",
 "wasm-bindgen-shared",
]

[[package]]
name = "wasm-bindgen-shared"
version = "0.2.81"
source = "registry+https://github.com/rust-lang/crates.io-index"
checksum = "6a89911bd99e5f3659ec4acf9c4d93b0a90fe4a2a11f15328472058edc5261be"

[[package]]
name = "weezl"
version = "0.1.6"
source = "registry+https://github.com/rust-lang/crates.io-index"
checksum = "9c97e489d8f836838d497091de568cf16b117486d529ec5579233521065bd5e4"

[[package]]
name = "winapi"
version = "0.3.9"
source = "registry+https://github.com/rust-lang/crates.io-index"
checksum = "5c839a674fcd7a98952e593242ea400abe93992746761e38641405d28b00f419"
dependencies = [
 "winapi-i686-pc-windows-gnu",
 "winapi-x86_64-pc-windows-gnu",
]

[[package]]
name = "winapi-i686-pc-windows-gnu"
version = "0.4.0"
source = "registry+https://github.com/rust-lang/crates.io-index"
checksum = "ac3b87c63620426dd9b991e5ce0329eff545bccbbb34f3be09ff6fb6ab51b7b6"

[[package]]
name = "winapi-util"
version = "0.1.5"
source = "registry+https://github.com/rust-lang/crates.io-index"
checksum = "70ec6ce85bb158151cae5e5c87f95a8e97d2c0c4b001223f33a334e3ce5de178"
dependencies = [
 "winapi",
]

[[package]]
name = "winapi-x86_64-pc-windows-gnu"
version = "0.4.0"
source = "registry+https://github.com/rust-lang/crates.io-index"
checksum = "712e227841d057c1ee1cd2fb22fa7e5a5461ae8e48fa2ca79ec42cfc1931183f"

[[package]]
name = "xmlparser"
version = "0.13.3"
source = "registry+https://github.com/rust-lang/crates.io-index"
checksum = "114ba2b24d2167ef6d67d7d04c8cc86522b87f490025f39f0303b7db5bf5e3d8"

[[package]]
name = "xmlwriter"
version = "0.1.0"
source = "registry+https://github.com/rust-lang/crates.io-index"
checksum = "ec7a2a501ed189703dba8b08142f057e887dfc4b2cc4db2d343ac6376ba3e0b9"

[[package]]
name = "zeroize"
version = "1.4.3"
source = "registry+https://github.com/rust-lang/crates.io-index"
checksum = "d68d9dcec5f9b43a30d38c49f91dfedfaac384cb8f085faca366c26207dd1619"
dependencies = [
 "zeroize_derive",
]

[[package]]
name = "zeroize_derive"
version = "1.3.2"
source = "registry+https://github.com/rust-lang/crates.io-index"
checksum = "3f8f187641dad4f680d25c4bfc4225b418165984179f26ca76ec4fb6441d3a17"
dependencies = [
 "proc-macro2",
 "quote",
 "syn",
 "synstructure",
]
